// !$*UTF8*$!
{
	archiveVersion = 1;
	classes = {
	};
	objectVersion = 48;
	objects = {

/* Begin PBXBuildFile section */
		9B3C46B0203D618C00100B36 /* AppDelegate.swift in Sources */ = {isa = PBXBuildFile; fileRef = 9B3C46AF203D618C00100B36 /* AppDelegate.swift */; };
		9B3C46B2203D618C00100B36 /* LoginVC.swift in Sources */ = {isa = PBXBuildFile; fileRef = 9B3C46B1203D618C00100B36 /* LoginVC.swift */; };
		9B3C46B5203D618C00100B36 /* Main.storyboard in Resources */ = {isa = PBXBuildFile; fileRef = 9B3C46B3203D618C00100B36 /* Main.storyboard */; };
		9B3C46B8203D618C00100B36 /* loginRegister.xcdatamodeld in Sources */ = {isa = PBXBuildFile; fileRef = 9B3C46B6203D618C00100B36 /* loginRegister.xcdatamodeld */; };
		9B3C46BA203D618C00100B36 /* Assets.xcassets in Resources */ = {isa = PBXBuildFile; fileRef = 9B3C46B9203D618C00100B36 /* Assets.xcassets */; };
		9B3C46BD203D618C00100B36 /* LaunchScreen.storyboard in Resources */ = {isa = PBXBuildFile; fileRef = 9B3C46BB203D618C00100B36 /* LaunchScreen.storyboard */; };
		9B3C46C5203D6BC900100B36 /* RegisterVCViewController.swift in Sources */ = {isa = PBXBuildFile; fileRef = 9B3C46C4203D6BC900100B36 /* RegisterVCViewController.swift */; };
/* End PBXBuildFile section */

/* Begin PBXFileReference section */
		9B3C46AC203D618C00100B36 /* loginRegister.app */ = {isa = PBXFileReference; explicitFileType = wrapper.application; includeInIndex = 0; path = loginRegister.app; sourceTree = BUILT_PRODUCTS_DIR; };
		9B3C46AF203D618C00100B36 /* AppDelegate.swift */ = {isa = PBXFileReference; lastKnownFileType = sourcecode.swift; path = AppDelegate.swift; sourceTree = "<group>"; };
		9B3C46B1203D618C00100B36 /* LoginVC.swift */ = {isa = PBXFileReference; lastKnownFileType = sourcecode.swift; path = LoginVC.swift; sourceTree = "<group>"; };
		9B3C46B4203D618C00100B36 /* Base */ = {isa = PBXFileReference; lastKnownFileType = file.storyboard; name = Base; path = Base.lproj/Main.storyboard; sourceTree = "<group>"; };
		9B3C46B7203D618C00100B36 /* loginRegister.xcdatamodel */ = {isa = PBXFileReference; lastKnownFileType = wrapper.xcdatamodel; path = loginRegister.xcdatamodel; sourceTree = "<group>"; };
		9B3C46B9203D618C00100B36 /* Assets.xcassets */ = {isa = PBXFileReference; lastKnownFileType = folder.assetcatalog; path = Assets.xcassets; sourceTree = "<group>"; };
		9B3C46BC203D618C00100B36 /* Base */ = {isa = PBXFileReference; lastKnownFileType = file.storyboard; name = Base; path = Base.lproj/LaunchScreen.storyboard; sourceTree = "<group>"; };
		9B3C46BE203D618C00100B36 /* Info.plist */ = {isa = PBXFileReference; lastKnownFileType = text.plist.xml; path = Info.plist; sourceTree = "<group>"; };
		9B3C46C4203D6BC900100B36 /* RegisterVCViewController.swift */ = {isa = PBXFileReference; lastKnownFileType = sourcecode.swift; path = RegisterVCViewController.swift; sourceTree = "<group>"; };
/* End PBXFileReference section */

/* Begin PBXFrameworksBuildPhase section */
		9B3C46A9203D618C00100B36 /* Frameworks */ = {
			isa = PBXFrameworksBuildPhase;
			buildActionMask = 2147483647;
			files = (
			);
			runOnlyForDeploymentPostprocessing = 0;
		};
/* End PBXFrameworksBuildPhase section */

/* Begin PBXGroup section */
		9B3C46A3203D618C00100B36 = {
			isa = PBXGroup;
			children = (
				9B3C46AE203D618C00100B36 /* loginRegister */,
				9B3C46AD203D618C00100B36 /* Products */,
			);
			sourceTree = "<group>";
		};
		9B3C46AD203D618C00100B36 /* Products */ = {
			isa = PBXGroup;
			children = (
				9B3C46AC203D618C00100B36 /* loginRegister.app */,
			);
			name = Products;
			sourceTree = "<group>";
		};
		9B3C46AE203D618C00100B36 /* loginRegister */ = {
			isa = PBXGroup;
			children = (
				9B3C46AF203D618C00100B36 /* AppDelegate.swift */,
				9B3C46B1203D618C00100B36 /* LoginVC.swift */,
				9B3C46B3203D618C00100B36 /* Main.storyboard */,
				9B3C46B9203D618C00100B36 /* Assets.xcassets */,
				9B3C46BB203D618C00100B36 /* LaunchScreen.storyboard */,
				9B3C46BE203D618C00100B36 /* Info.plist */,
				9B3C46B6203D618C00100B36 /* loginRegister.xcdatamodeld */,
				9B3C46C4203D6BC900100B36 /* RegisterVCViewController.swift */,
			);
			path = loginRegister;
			sourceTree = "<group>";
		};
/* End PBXGroup section */

/* Begin PBXNativeTarget section */
		9B3C46AB203D618C00100B36 /* loginRegister */ = {
			isa = PBXNativeTarget;
			buildConfigurationList = 9B3C46C1203D618C00100B36 /* Build configuration list for PBXNativeTarget "loginRegister" */;
			buildPhases = (
				9B3C46A8203D618C00100B36 /* Sources */,
				9B3C46A9203D618C00100B36 /* Frameworks */,
				9B3C46AA203D618C00100B36 /* Resources */,
			);
			buildRules = (
			);
			dependencies = (
			);
			name = loginRegister;
			productName = loginRegister;
			productReference = 9B3C46AC203D618C00100B36 /* loginRegister.app */;
			productType = "com.apple.product-type.application";
		};
/* End PBXNativeTarget section */

/* Begin PBXProject section */
		9B3C46A4203D618C00100B36 /* Project object */ = {
			isa = PBXProject;
			attributes = {
				LastSwiftUpdateCheck = 0920;
				LastUpgradeCheck = 0920;
				ORGANIZATIONNAME = MacStudent;
				TargetAttributes = {
					9B3C46AB203D618C00100B36 = {
						CreatedOnToolsVersion = 9.2;
						ProvisioningStyle = Automatic;
					};
				};
			};
			buildConfigurationList = 9B3C46A7203D618C00100B36 /* Build configuration list for PBXProject "loginRegister" */;
			compatibilityVersion = "Xcode 8.0";
			developmentRegion = en;
			hasScannedForEncodings = 0;
			knownRegions = (
				en,
				Base,
			);
			mainGroup = 9B3C46A3203D618C00100B36;
			productRefGroup = 9B3C46AD203D618C00100B36 /* Products */;
			projectDirPath = "";
			projectRoot = "";
			targets = (
				9B3C46AB203D618C00100B36 /* loginRegister */,
			);
		};
/* End PBXProject section */

/* Begin PBXResourcesBuildPhase section */
		9B3C46AA203D618C00100B36 /* Resources */ = {
			isa = PBXResourcesBuildPhase;
			buildActionMask = 2147483647;
			files = (
				9B3C46BD203D618C00100B36 /* LaunchScreen.storyboard in Resources */,
				9B3C46BA203D618C00100B36 /* Assets.xcassets in Resources */,
				9B3C46B5203D618C00100B36 /* Main.storyboard in Resources */,
			);
			runOnlyForDeploymentPostprocessing = 0;
		};
/* End PBXResourcesBuildPhase section */

/* Begin PBXSourcesBuildPhase section */
		9B3C46A8203D618C00100B36 /* Sources */ = {
			isa = PBXSourcesBuildPhase;
			buildActionMask = 2147483647;
			files = (
				9B3C46B8203D618C00100B36 /* loginRegister.xcdatamodeld in Sources */,
				9B3C46B2203D618C00100B36 /* LoginVC.swift in Sources */,
				9B3C46C5203D6BC900100B36 /* RegisterVCViewController.swift in Sources */,
				9B3C46B0203D618C00100B36 /* AppDelegate.swift in Sources */,
			);
			runOnlyForDeploymentPostprocessing = 0;
		};
/* End PBXSourcesBuildPhase section */

/* Begin PBXVariantGroup section */
		9B3C46B3203D618C00100B36 /* Main.storyboard */ = {
			isa = PBXVariantGroup;
			children = (
				9B3C46B4203D618C00100B36 /* Base */,
			);
			name = Main.storyboard;
			sourceTree = "<group>";
		};
		9B3C46BB203D618C00100B36 /* LaunchScreen.storyboard */ = {
			isa = PBXVariantGroup;
			children = (
				9B3C46BC203D618C00100B36 /* Base */,
			);
			name = LaunchScreen.storyboard;
			sourceTree = "<group>";
		};
/* End PBXVariantGroup section */

/* Begin XCBuildConfiguration section */
		9B3C46BF203D618C00100B36 /* Debug */ = {
			isa = XCBuildConfiguration;
			buildSettings = {
				ALWAYS_SEARCH_USER_PATHS = NO;
				CLANG_ANALYZER_NONNULL = YES;
				CLANG_ANALYZER_NUMBER_OBJECT_CONVERSION = YES_AGGRESSIVE;
				CLANG_CXX_LANGUAGE_STANDARD = "gnu++14";
				CLANG_CXX_LIBRARY = "libc++";
				CLANG_ENABLE_MODULES = YES;
				CLANG_ENABLE_OBJC_ARC = YES;
				CLANG_WARN_BLOCK_CAPTURE_AUTORELEASING = YES;
				CLANG_WARN_BOOL_CONVERSION = YES;
				CLANG_WARN_COMMA = YES;
				CLANG_WARN_CONSTANT_CONVERSION = YES;
				CLANG_WARN_DIRECT_OBJC_ISA_USAGE = YES_ERROR;
				CLANG_WARN_DOCUMENTATION_COMMENTS = YES;
				CLANG_WARN_EMPTY_BODY = YES;
				CLANG_WARN_ENUM_CONVERSION = YES;
				CLANG_WARN_INFINITE_RECURSION = YES;
				CLANG_WARN_INT_CONVERSION = YES;
				CLANG_WARN_NON_LITERAL_NULL_CONVERSION = YES;
				CLANG_WARN_OBJC_LITERAL_CONVERSION = YES;
				CLANG_WARN_OBJC_ROOT_CLASS = YES_ERROR;
				CLANG_WARN_RANGE_LOOP_ANALYSIS = YES;
				CLANG_WARN_STRICT_PROTOTYPES = YES;
				CLANG_WARN_SUSPICIOUS_MOVE = YES;
				CLANG_WARN_UNGUARDED_AVAILABILITY = YES_AGGRESSIVE;
				CLANG_WARN_UNREACHABLE_CODE = YES;
				CLANG_WARN__DUPLICATE_METHOD_MATCH = YES;
				CODE_SIGN_IDENTITY = "iPhone Developer";
				COPY_PHASE_STRIP = NO;
				DEBUG_INFORMATION_FORMAT = dwarf;
				ENABLE_STRICT_OBJC_MSGSEND = YES;
				ENABLE_TESTABILITY = YES;
				GCC_C_LANGUAGE_STANDARD = gnu11;
				GCC_DYNAMIC_NO_PIC = NO;
				GCC_NO_COMMON_BLOCKS = YES;
				GCC_OPTIMIZATION_LEVEL = 0;
				GCC_PREPROCESSOR_DEFINITIONS = (
					"DEBUG=1",
					"$(inherited)",
				);
				GCC_WARN_64_TO_32_BIT_CONVERSION = YES;
				GCC_WARN_ABOUT_RETURN_TYPE = YES_ERROR;
				GCC_WARN_UNDECLARED_SELECTOR = YES;
				GCC_WARN_UNINITIALIZED_AUTOS = YES_AGGRESSIVE;
				GCC_WARN_UNUSED_FUNCTION = YES;
				GCC_WARN_UNUSED_VARIABLE = YES;
				IPHONEOS_DEPLOYMENT_TARGET = 11.2;
				MTL_ENABLE_DEBUG_INFO = YES;
				ONLY_ACTIVE_ARCH = YES;
				SDKROOT = iphoneos;
				SWIFT_ACTIVE_COMPILATION_CONDITIONS = DEBUG;
				SWIFT_OPTIMIZATION_LEVEL = "-Onone";
			};
			name = Debug;
		};
		9B3C46C0203D618C00100B36 /* Release */ = {
			isa = XCBuildConfiguration;
			buildSettings = {
				ALWAYS_SEARCH_USER_PATHS = NO;
				CLANG_ANALYZER_NONNULL = YES;
				CLANG_ANALYZER_NUMBER_OBJECT_CONVERSION = YES_AGGRESSIVE;
				CLANG_CXX_LANGUAGE_STANDARD = "gnu++14";
				CLANG_CXX_LIBRARY = "libc++";
				CLANG_ENABLE_MODULES = YES;
				CLANG_ENABLE_OBJC_ARC = YES;
				CLANG_WARN_BLOCK_CAPTURE_AUTORELEASING = YES;
				CLANG_WARN_BOOL_CONVERSION = YES;
				CLANG_WARN_COMMA = YES;
				CLANG_WARN_CONSTANT_CONVERSION = YES;
				CLANG_WARN_DIRECT_OBJC_ISA_USAGE = YES_ERROR;
				CLANG_WARN_DOCUMENTATION_COMMENTS = YES;
				CLANG_WARN_EMPTY_BODY = YES;
				CLANG_WARN_ENUM_CONVERSION = YES;
				CLANG_WARN_INFINITE_RECURSION = YES;
				CLANG_WARN_INT_CONVERSION = YES;
				CLANG_WARN_NON_LITERAL_NULL_CONVERSION = YES;
				CLANG_WARN_OBJC_LITERAL_CONVERSION = YES;
				CLANG_WARN_OBJC_ROOT_CLASS = YES_ERROR;
				CLANG_WARN_RANGE_LOOP_ANALYSIS = YES;
				CLANG_WARN_STRICT_PROTOTYPES = YES;
				CLANG_WARN_SUSPICIOUS_MOVE = YES;
				CLANG_WARN_UNGUARDED_AVAILABILITY = YES_AGGRESSIVE;
				CLANG_WARN_UNREACHABLE_CODE = YES;
				CLANG_WARN__DUPLICATE_METHOD_MATCH = YES;
				CODE_SIGN_IDENTITY = "iPhone Developer";
				COPY_PHASE_STRIP = NO;
				DEBUG_INFORMATION_FORMAT = "dwarf-with-dsym";
				ENABLE_NS_ASSERTIONS = NO;
				ENABLE_STRICT_OBJC_MSGSEND = YES;
				GCC_C_LANGUAGE_STANDARD = gnu11;
				GCC_NO_COMMON_BLOCKS = YES;
				GCC_WARN_64_TO_32_BIT_CONVERSION = YES;
				GCC_WARN_ABOUT_RETURN_TYPE = YES_ERROR;
				GCC_WARN_UNDECLARED_SELECTOR = YES;
				GCC_WARN_UNINITIALIZED_AUTOS = YES_AGGRESSIVE;
				GCC_WARN_UNUSED_FUNCTION = YES;
				GCC_WARN_UNUSED_VARIABLE = YES;
				IPHONEOS_DEPLOYMENT_TARGET = 11.2;
				MTL_ENABLE_DEBUG_INFO = NO;
				SDKROOT = iphoneos;
				SWIFT_OPTIMIZATION_LEVEL = "-Owholemodule";
				VALIDATE_PRODUCT = YES;
			};
			name = Release;
		};
		9B3C46C2203D618C00100B36 /* Debug */ = {
			isa = XCBuildConfiguration;
			buildSettings = {
				ASSETCATALOG_COMPILER_APPICON_NAME = AppIcon;
				CODE_SIGN_STYLE = Automatic;
				INFOPLIST_FILE = loginRegister/Info.plist;
				LD_RUNPATH_SEARCH_PATHS = "$(inherited) @executable_path/Frameworks";
				PRODUCT_BUNDLE_IDENTIFIER = CestarCollege.loginRegister;
				PRODUCT_NAME = "$(TARGET_NAME)";
				SWIFT_VERSION = 4.0;
				TARGETED_DEVICE_FAMILY = "1,2";
			};
			name = Debug;
		};
		9B3C46C3203D618C00100B36 /* Release */ = {
			isa = XCBuildConfiguration;
			buildSettings = {
				ASSETCATALOG_COMPILER_APPICON_NAME = AppIcon;
				CODE_SIGN_STYLE = Automatic;
				INFOPLIST_FILE = loginRegister/Info.plist;
				LD_RUNPATH_SEARCH_PATHS = "$(inherited) @executable_path/Frameworks";
				PRODUCT_BUNDLE_IDENTIFIER = CestarCollege.loginRegister;
				PRODUCT_NAME = "$(TARGET_NAME)";
				SWIFT_VERSION = 4.0;
				TARGETED_DEVICE_FAMILY = "1,2";
			};
			name = Release;
		};
/* End XCBuildConfiguration section */

/* Begin XCConfigurationList section */
		9B3C46A7203D618C00100B36 /* Build configuration list for PBXProject "loginRegister" */ = {
			isa = XCConfigurationList;
			buildConfigurations = (
				9B3C46BF203D618C00100B36 /* Debug */,
				9B3C46C0203D618C00100B36 /* Release */,
			);
			defaultConfigurationIsVisible = 0;
			defaultConfigurationName = Release;
		};
		9B3C46C1203D618C00100B36 /* Build configuration list for PBXNativeTarget "loginRegister" */ = {
			isa = XCConfigurationList;
			buildConfigurations = (
				9B3C46C2203D618C00100B36 /* Debug */,
				9B3C46C3203D618C00100B36 /* Release */,
			);
			defaultConfigurationIsVisible = 0;
			defaultConfigurationName = Release;
		};
/* End XCConfigurationList section */

/* Begin XCVersionGroup section */
		9B3C46B6203D618C00100B36 /* loginRegister.xcdatamodeld */ = {
			isa = XCVersionGroup;
			children = (
				9B3C46B7203D618C00100B36 /* loginRegister.xcdatamodel */,
			);
			currentVersion = 9B3C46B7203D618C00100B36 /* loginRegister.xcdatamodel */;
			path = loginRegister.xcdatamodeld;
			sourceTree = "<group>";
			versionGroupType = wrapper.xcdatamodel;
		};
/* End XCVersionGroup section */
	};
	rootObject = 9B3C46A4203D618C00100B36 /* Project object */;
}
